// !$*UTF8*$!
{
	archiveVersion = 1;
	classes = {
	};
	objectVersion = 56;
	objects = {

/* Begin PBXBuildFile section */
		AA000021 /* KhmerCalendarKitDemoApp.swift in Sources */ = {isa = PBXBuildFile; fileRef = AA000020 /* KhmerCalendarKitDemoApp.swift */; };
		AA000023 /* ContentView.swift in Sources */ = {isa = PBXBuildFile; fileRef = AA000022 /* ContentView.swift */; };
		AA000025 /* HomeView.swift in Sources */ = {isa = PBXBuildFile; fileRef = AA000024 /* HomeView.swift */; };
		AA000027 /* FormatterView.swift in Sources */ = {isa = PBXBuildFile; fileRef = AA000026 /* FormatterView.swift */; };
		AA000029 /* CalendarDemoView.swift in Sources */ = {isa = PBXBuildFile; fileRef = AA000028 /* CalendarDemoView.swift */; };
		AA000031 /* DatePickerDemoView.swift in Sources */ = {isa = PBXBuildFile; fileRef = AA000030 /* DatePickerDemoView.swift */; };
		AA000033 /* LunarView.swift in Sources */ = {isa = PBXBuildFile; fileRef = AA000032 /* LunarView.swift */; };
		AA000035 /* SettingsView.swift in Sources */ = {isa = PBXBuildFile; fileRef = AA000034 /* SettingsView.swift */; };
		AA000037 /* Assets.xcassets in Resources */ = {isa = PBXBuildFile; fileRef = AA000036 /* Assets.xcassets */; };
		AA000042 /* KhmerCalendarKit in Frameworks */ = {isa = PBXBuildFile; productRef = AA000041 /* KhmerCalendarKit */; };
/* End PBXBuildFile section */

/* Begin PBXFileReference section */
		AA000011 /* KhmerCalendarKitDemo.app */ = {isa = PBXFileReference; explicitFileType = wrapper.application; includeInIndex = 0; path = KhmerCalendarKitDemo.app; sourceTree = BUILT_PRODUCTS_DIR; };
		AA000020 /* KhmerCalendarKitDemoApp.swift */ = {isa = PBXFileReference; lastKnownFileType = sourcecode.swift; path = KhmerCalendarKitDemoApp.swift; sourceTree = "<group>"; };
		AA000022 /* ContentView.swift */ = {isa = PBXFileReference; lastKnownFileType = sourcecode.swift; path = ContentView.swift; sourceTree = "<group>"; };
		AA000024 /* HomeView.swift */ = {isa = PBXFileReference; lastKnownFileType = sourcecode.swift; path = HomeView.swift; sourceTree = "<group>"; };
		AA000026 /* FormatterView.swift */ = {isa = PBXFileReference; lastKnownFileType = sourcecode.swift; path = FormatterView.swift; sourceTree = "<group>"; };
		AA000028 /* CalendarDemoView.swift */ = {isa = PBXFileReference; lastKnownFileType = sourcecode.swift; path = CalendarDemoView.swift; sourceTree = "<group>"; };
		AA000030 /* DatePickerDemoView.swift */ = {isa = PBXFileReference; lastKnownFileType = sourcecode.swift; path = DatePickerDemoView.swift; sourceTree = "<group>"; };
		AA000032 /* LunarView.swift */ = {isa = PBXFileReference; lastKnownFileType = sourcecode.swift; path = LunarView.swift; sourceTree = "<group>"; };
		AA000034 /* SettingsView.swift */ = {isa = PBXFileReference; lastKnownFileType = sourcecode.swift; path = SettingsView.swift; sourceTree = "<group>"; };
		AA000036 /* Assets.xcassets */ = {isa = PBXFileReference; lastKnownFileType = folder.assetcatalog; path = Assets.xcassets; sourceTree = "<group>"; };
/* End PBXFileReference section */

/* Begin PBXFrameworksBuildPhase section */
		AA000008 /* Frameworks */ = {
			isa = PBXFrameworksBuildPhase;
			buildActionMask = 2147483647;
			files = (
				AA000042 /* KhmerCalendarKit in Frameworks */,
			);
			runOnlyForDeploymentPostprocessing = 0;
		};
/* End PBXFrameworksBuildPhase section */

/* Begin PBXGroup section */
		AA000002 /* mainGroup */ = {
			isa = PBXGroup;
			children = (
				AA000003 /* KhmerCalendarKitDemo */,
				AA000010 /* Products */,
			);
			sourceTree = "<group>";
		};
		AA000003 /* KhmerCalendarKitDemo */ = {
			isa = PBXGroup;
			children = (
				AA000020 /* KhmerCalendarKitDemoApp.swift */,
				AA000022 /* ContentView.swift */,
				AA000004 /* Views */,
				AA000036 /* Assets.xcassets */,
			);
			path = KhmerCalendarKitDemo;
			sourceTree = "<group>";
		};
		AA000004 /* Views */ = {
			isa = PBXGroup;
			children = (
				AA000024 /* HomeView.swift */,
				AA000026 /* FormatterView.swift */,
				AA000028 /* CalendarDemoView.swift */,
				AA000030 /* DatePickerDemoView.swift */,
				AA000032 /* LunarView.swift */,
				AA000034 /* SettingsView.swift */,
			);
			path = Views;
			sourceTree = "<group>";
		};
		AA000010 /* Products */ = {
			isa = PBXGroup;
			children = (
				AA000011 /* KhmerCalendarKitDemo.app */,
			);
			name = Products;
			sourceTree = "<group>";
		};
/* End PBXGroup section */

/* Begin PBXNativeTarget section */
		AA000009 /* KhmerCalendarKitDemo */ = {
			isa = PBXNativeTarget;
			buildConfigurationList = AA000055 /* Build configuration list for PBXNativeTarget "KhmerCalendarKitDemo" */;
			buildPhases = (
				AA000007 /* Sources */,
				AA000008 /* Frameworks */,
				AA000006 /* Resources */,
			);
			buildRules = (
			);
			dependencies = (
			);
			name = KhmerCalendarKitDemo;
			packageProductDependencies = (
				AA000041 /* KhmerCalendarKit */,
			);
			productName = KhmerCalendarKitDemo;
			productReference = AA000011 /* KhmerCalendarKitDemo.app */;
			productType = "com.apple.product-type.application";
		};
/* End PBXNativeTarget section */

/* Begin PBXProject section */
		AA000001 /* Project object */ = {
			isa = PBXProject;
			attributes = {
				BuildIndependentTargetsInParallel = 1;
				LastSwiftUpdateCheck = 1500;
				LastUpgradeCheck = 1500;
				TargetAttributes = {
					AA000009 = {
						CreatedOnToolsVersion = 15.0;
					};
				};
			};
			buildConfigurationList = AA000052 /* Build configuration list for PBXProject "KhmerCalendarKitDemo" */;
			compatibilityVersion = "Xcode 14.0";
			developmentRegion = en;
			hasScannedForEncodings = 0;
			knownRegions = (
				en,
				Base,
			);
			mainGroup = AA000002;
			packageReferences = (
				AA000040 /* XCLocalSwiftPackageReference "../" */,
			);
			productRefGroup = AA000010 /* Products */;
			projectDirPath = "";
			projectRoot = "";
			targets = (
				AA000009 /* KhmerCalendarKitDemo */,
			);
		};
/* End PBXProject section */

/* Begin PBXResourcesBuildPhase section */
		AA000006 /* Resources */ = {
			isa = PBXResourcesBuildPhase;
			buildActionMask = 2147483647;
			files = (
				AA000037 /* Assets.xcassets in Resources */,
			);
			runOnlyForDeploymentPostprocessing = 0;
		};
/* End PBXResourcesBuildPhase section */

/* Begin PBXSourcesBuildPhase section */
		AA000007 /* Sources */ = {
			isa = PBXSourcesBuildPhase;
			buildActionMask = 2147483647;
			files = (
				AA000021 /* KhmerCalendarKitDemoApp.swift in Sources */,
				AA000023 /* ContentView.swift in Sources */,
				AA000025 /* HomeView.swift in Sources */,
				AA000027 /* FormatterView.swift in Sources */,
				AA000029 /* CalendarDemoView.swift in Sources */,
				AA000031 /* DatePickerDemoView.swift in Sources */,
				AA000033 /* LunarView.swift in Sources */,
				AA000035 /* SettingsView.swift in Sources */,
			);
			runOnlyForDeploymentPostprocessing = 0;
		};
/* End PBXSourcesBuildPhase section */

/* Begin XCBuildConfiguration section */
		AA000050 /* Debug */ = {
			isa = XCBuildConfiguration;
			buildSettings = {
				ALWAYS_SEARCH_USER_PATHS = NO;
				CLANG_ANALYZER_NONNULL = YES;
				CLANG_CXX_LANGUAGE_STANDARD = "gnu++20";
				CLANG_ENABLE_MODULES = YES;
				CLANG_ENABLE_OBJC_ARC = YES;
				CLANG_ENABLE_OBJC_WEAK = YES;
				CLANG_WARN_BLOCK_CAPTURE_AUTORELEASING = YES;
				CLANG_WARN_BOOL_CONVERSION = YES;
				CLANG_WARN_COMMA = YES;
				CLANG_WARN_CONSTANT_CONVERSION = YES;
				CLANG_WARN_DEPRECATED_OBJC_IMPLEMENTATIONS = YES;
				CLANG_WARN_DIRECT_OBJC_ISA_USAGE = YES_ERROR;
				CLANG_WARN_EMPTY_BODY = YES;
				CLANG_WARN_ENUM_CONVERSION = YES;
				CLANG_WARN_INFINITE_RECURSION = YES;
				CLANG_WARN_INT_CONVERSION = YES;
				CLANG_WARN_NON_LITERAL_NULL_CONVERSION = YES;
				CLANG_WARN_OBJC_IMPLICIT_RETAIN_CYCLE = YES;
				CLANG_WARN_OBJC_LITERAL_CONVERSION = YES;
				CLANG_WARN_OBJC_ROOT_CLASS = YES_ERROR;
				CLANG_WARN_RANGE_LOOP_ANALYSIS = YES;
				CLANG_WARN_STRICT_PROTOTYPES = YES;
				CLANG_WARN_SUSPICIOUS_MOVE = YES;
				CLANG_WARN_UNINITIALIZED = YES;
				CLANG_WARN_UNREACHABLE_CODE = YES;
				CLANG_WARN__DUPLICATE_METHOD_MATCH = YES;
				COPY_PHASE_STRIP = NO;
				DEBUG_INFORMATION_FORMAT = dwarf;
				ENABLE_STRICT_OBJC_MSGSEND = YES;
				ENABLE_TESTABILITY = YES;
				GCC_C_LANGUAGE_STANDARD = gnu17;
				GCC_DYNAMIC_NO_PIC = NO;
				GCC_NO_COMMON_BLOCKS = YES;
				GCC_OPTIMIZATION_LEVEL = 0;
				GCC_PREPROCESSOR_DEFINITIONS = (
					"DEBUG=1",
					"$(inherited)",
				);
				GCC_WARN_64_TO_32_BIT_CONVERSION = YES;
				GCC_WARN_ABOUT_RETURN_TYPE = YES_ERROR;
				GCC_WARN_UNDECLARED_SELECTOR = YES;
				GCC_WARN_UNINITIALIZED_AUTOS = YES_AGGRESSIVE;
				GCC_WARN_UNUSED_FUNCTION = YES;
				GCC_WARN_UNUSED_VARIABLE = YES;
				IPHONEOS_DEPLOYMENT_TARGET = 16.0;
				MTL_ENABLE_DEBUG_INFO = INCLUDE_SOURCE;
				MTL_FAST_MATH = YES;
				ONLY_ACTIVE_ARCH = YES;
				SDKROOT = iphoneos;
				SWIFT_ACTIVE_COMPILATION_CONDITIONS = DEBUG;
				SWIFT_OPTIMIZATION_LEVEL = "-Onone";
			};
			name = Debug;
		};
		AA000051 /* Release */ = {
			isa = XCBuildConfiguration;
			buildSettings = {
				ALWAYS_SEARCH_USER_PATHS = NO;
				CLANG_ANALYZER_NONNULL = YES;
				CLANG_CXX_LANGUAGE_STANDARD = "gnu++20";
				CLANG_ENABLE_MODULES = YES;
				CLANG_ENABLE_OBJC_ARC = YES;
				CLANG_ENABLE_OBJC_WEAK = YES;
				CLANG_WARN_BLOCK_CAPTURE_AUTORELEASING = YES;
				CLANG_WARN_BOOL_CONVERSION = YES;
				CLANG_WARN_COMMA = YES;
				CLANG_WARN_CONSTANT_CONVERSION = YES;
				CLANG_WARN_DEPRECATED_OBJC_IMPLEMENTATIONS = YES;
				CLANG_WARN_DIRECT_OBJC_ISA_USAGE = YES_ERROR;
				CLANG_WARN_EMPTY_BODY = YES;
				CLANG_WARN_ENUM_CONVERSION = YES;
				CLANG_WARN_INFINITE_RECURSION = YES;
				CLANG_WARN_INT_CONVERSION = YES;
				CLANG_WARN_NON_LITERAL_NULL_CONVERSION = YES;
				CLANG_WARN_OBJC_IMPLICIT_RETAIN_CYCLE = YES;
				CLANG_WARN_OBJC_LITERAL_CONVERSION = YES;
				CLANG_WARN_OBJC_ROOT_CLASS = YES_ERROR;
				CLANG_WARN_RANGE_LOOP_ANALYSIS = YES;
				CLANG_WARN_STRICT_PROTOTYPES = YES;
				CLANG_WARN_SUSPICIOUS_MOVE = YES;
				CLANG_WARN_UNINITIALIZED = YES;
				CLANG_WARN_UNREACHABLE_CODE = YES;
				CLANG_WARN__DUPLICATE_METHOD_MATCH = YES;
				COPY_PHASE_STRIP = NO;
				DEBUG_INFORMATION_FORMAT = "dwarf-with-dsym";
				ENABLE_NS_ASSERTIONS = NO;
				ENABLE_STRICT_OBJC_MSGSEND = YES;
				GCC_C_LANGUAGE_STANDARD = gnu17;
				GCC_NO_COMMON_BLOCKS = YES;
				GCC_WARN_64_TO_32_BIT_CONVERSION = YES;
				GCC_WARN_ABOUT_RETURN_TYPE = YES_ERROR;
				GCC_WARN_UNDECLARED_SELECTOR = YES;
				GCC_WARN_UNINITIALIZED_AUTOS = YES_AGGRESSIVE;
				GCC_WARN_UNUSED_FUNCTION = YES;
				GCC_WARN_UNUSED_VARIABLE = YES;
				IPHONEOS_DEPLOYMENT_TARGET = 16.0;
				MTL_FAST_MATH = YES;
				SDKROOT = iphoneos;
				SWIFT_COMPILATION_MODE = wholemodule;
				SWIFT_OPTIMIZATION_LEVEL = "-O";
				VALIDATE_PRODUCT = YES;
			};
			name = Release;
		};
		AA000053 /* Debug */ = {
			isa = XCBuildConfiguration;
			buildSettings = {
				ASSETCATALOG_COMPILER_APPICON_NAME = AppIcon;
				ASSETCATALOG_COMPILER_GLOBAL_ACCENT_COLOR_NAME = AccentColor;
				CODE_SIGN_STYLE = Automatic;
				CURRENT_PROJECT_VERSION = 1;
				ENABLE_PREVIEWS = YES;
				GENERATE_INFOPLIST_FILE = YES;
				INFOPLIST_KEY_UIApplicationSceneManifest_Generation = YES;
				INFOPLIST_KEY_UIApplicationSupportsIndirectInputEvents = YES;
				INFOPLIST_KEY_UILaunchScreen_Generation = YES;
				INFOPLIST_KEY_UISupportedInterfaceOrientations_iPad = "UIInterfaceOrientationPortrait UIInterfaceOrientationPortraitUpsideDown UIInterfaceOrientationLandscapeLeft UIInterfaceOrientationLandscapeRight";
				INFOPLIST_KEY_UISupportedInterfaceOrientations_iPhone = "UIInterfaceOrientationPortrait UIInterfaceOrientationLandscapeLeft UIInterfaceOrientationLandscapeRight";
				IPHONEOS_DEPLOYMENT_TARGET = 16.0;
				LD_RUNPATH_SEARCH_PATHS = (
					"$(inherited)",
					"@executable_path/Frameworks",
				);
				MARKETING_VERSION = 1.0;
				PRODUCT_BUNDLE_IDENTIFIER = com.khmerkit.KhmerCalendarKitDemo;
				PRODUCT_NAME = "$(TARGET_NAME)";
				SWIFT_EMIT_LOC_STRINGS = YES;
				SWIFT_VERSION = 5.9;
				TARGETED_DEVICE_FAMILY = "1,2";
			};
			name = Debug;
		};
		AA000054 /* Release */ = {
			isa = XCBuildConfiguration;
			buildSettings = {
				ASSETCATALOG_COMPILER_APPICON_NAME = AppIcon;
				ASSETCATALOG_COMPILER_GLOBAL_ACCENT_COLOR_NAME = AccentColor;
				CODE_SIGN_STYLE = Automatic;
				CURRENT_PROJECT_VERSION = 1;
				ENABLE_PREVIEWS = YES;
				GENERATE_INFOPLIST_FILE = YES;
				INFOPLIST_KEY_UIApplicationSceneManifest_Generation = YES;
				INFOPLIST_KEY_UIApplicationSupportsIndirectInputEvents = YES;
				INFOPLIST_KEY_UILaunchScreen_Generation = YES;
				INFOPLIST_KEY_UISupportedInterfaceOrientations_iPad = "UIInterfaceOrientationPortrait UIInterfaceOrientationPortraitUpsideDown UIInterfaceOrientationLandscapeLeft UIInterfaceOrientationLandscapeRight";
				INFOPLIST_KEY_UISupportedInterfaceOrientations_iPhone = "UIInterfaceOrientationPortrait UIInterfaceOrientationLandscapeLeft UIInterfaceOrientationLandscapeRight";
				IPHONEOS_DEPLOYMENT_TARGET = 16.0;
				LD_RUNPATH_SEARCH_PATHS = (
					"$(inherited)",
					"@executable_path/Frameworks",
				);
				MARKETING_VERSION = 1.0;
				PRODUCT_BUNDLE_IDENTIFIER = com.khmerkit.KhmerCalendarKitDemo;
				PRODUCT_NAME = "$(TARGET_NAME)";
				SWIFT_EMIT_LOC_STRINGS = YES;
				SWIFT_VERSION = 5.9;
				TARGETED_DEVICE_FAMILY = "1,2";
			};
			name = Release;
		};
/* End XCBuildConfiguration section */

/* Begin XCConfigurationList section */
		AA000052 /* Build configuration list for PBXProject "KhmerCalendarKitDemo" */ = {
			isa = XCConfigurationList;
			buildConfigurations = (
				AA000050 /* Debug */,
				AA000051 /* Release */,
			);
			defaultConfigurationIsVisible = 0;
			defaultConfigurationName = Release;
		};
		AA000055 /* Build configuration list for PBXNativeTarget "KhmerCalendarKitDemo" */ = {
			isa = XCConfigurationList;
			buildConfigurations = (
				AA000053 /* Debug */,
				AA000054 /* Release */,
			);
			defaultConfigurationIsVisible = 0;
			defaultConfigurationName = Release;
		};
/* End XCConfigurationList section */

/* Begin XCLocalSwiftPackageReference section */
		AA000040 /* XCLocalSwiftPackageReference "../" */ = {
			isa = XCLocalSwiftPackageReference;
			relativePath = "../";
		};
/* End XCLocalSwiftPackageReference section */

/* Begin XCSwiftPackageProductDependency section */
		AA000041 /* KhmerCalendarKit */ = {
			isa = XCSwiftPackageProductDependency;
			package = AA000040 /* XCLocalSwiftPackageReference "../" */;
			productName = KhmerCalendarKit;
		};
/* End XCSwiftPackageProductDependency section */

	};
	rootObject = AA000001 /* Project object */;
}
